<?xml version="1.0" encoding="utf-8"?>
<Project ToolsVersion="4.0" xmlns="http://schemas.microsoft.com/developer/msbuild/2003">
  <ItemGroup>
    <Filter Include="Файлы исходного кода">
      <UniqueIdentifier>{4FC737F1-C7A5-4376-A066-2A32D752A2FF}</UniqueIdentifier>
      <Extensions>cpp;c;cc;cxx;def;odl;idl;hpj;bat;asm;asmx</Extensions>
    </Filter>
    <Filter Include="Заголовочные файлы">
      <UniqueIdentifier>{93995380-89BD-4b04-88EB-625FBE52EBFB}</UniqueIdentifier>
      <Extensions>h;hh;hpp;hxx;hm;inl;inc;xsd</Extensions>
    </Filter>
    <Filter Include="Файлы ресурсов">
      <UniqueIdentifier>{67DA6AB6-F800-4c08-8B7A-83BB121AAD01}</UniqueIdentifier>
      <Extensions>rc;ico;cur;bmp;dlg;rc2;rct;bin;rgs;gif;jpg;jpeg;jpe;resx;tiff;tif;png;wav;mfcribbon-ms</Extensions>
    </Filter>
    <Filter Include="Заголовочные файлы\GlobalManager">
      <UniqueIdentifier>{3685ac12-196b-4f1c-8703-81d1e4aa634a}</UniqueIdentifier>
    </Filter>
    <Filter Include="Заголовочные файлы\GlobalManager\SystemStateManagment">
      <UniqueIdentifier>{aa19e399-b3bf-484c-819f-a15b7eb141f6}</UniqueIdentifier>
    </Filter>
    <Filter Include="Заголовочные файлы\GlobalManager\CommandManagment">
      <UniqueIdentifier>{9dbea3e9-fdce-43e8-ba6d-7a6394f8f61a}</UniqueIdentifier>
    </Filter>
    <Filter Include="Заголовочные файлы\GlobalManager\MemoryManagment">
      <UniqueIdentifier>{200d6bcb-b807-493b-addc-1dd9f817be0b}</UniqueIdentifier>
    </Filter>
    <Filter Include="Файлы исходного кода\GlobalManager">
      <UniqueIdentifier>{2b8366f6-d5b9-4c30-a00a-18843d5a43f8}</UniqueIdentifier>
    </Filter>
    <Filter Include="Файлы исходного кода\GlobalManager\SystemStateManagment">
      <UniqueIdentifier>{d0495db3-d6fc-468f-ba37-e915a573946d}</UniqueIdentifier>
    </Filter>
    <Filter Include="Файлы исходного кода\GlobalManager\CommandManagment">
      <UniqueIdentifier>{32af528b-eeb4-48be-ae38-6f4b6f659ee6}</UniqueIdentifier>
    </Filter>
    <Filter Include="Файлы исходного кода\GlobalManager\MemoryManagment">
      <UniqueIdentifier>{689fd1fb-d453-42aa-9785-600785da42f3}</UniqueIdentifier>
    </Filter>
    <Filter Include="Заголовочные файлы\GlobalManager\ResourceManagment">
      <UniqueIdentifier>{20230f5c-cc63-46c8-b3fd-fdfde0224726}</UniqueIdentifier>
    </Filter>
    <Filter Include="Заголовочные файлы\Resources">
      <UniqueIdentifier>{ae9ae0ac-5a7b-404b-bedc-60c585aeb757}</UniqueIdentifier>
    </Filter>
    <Filter Include="Файлы исходного кода\GlobalManager\ResourceManagment">
      <UniqueIdentifier>{1dd4f56d-4e6d-4883-b517-9e7bd85b638e}</UniqueIdentifier>
    </Filter>
    <Filter Include="Файлы исходного кода\Resources">
      <UniqueIdentifier>{780c8322-112b-4443-b5d5-da16c7e35a17}</UniqueIdentifier>
    </Filter>
    <Filter Include="Заголовочные файлы\Graphics">
      <UniqueIdentifier>{2a2a5fb8-2296-4b3a-bb97-6fdfa15abbee}</UniqueIdentifier>
    </Filter>
    <Filter Include="Файлы исходного кода\Graphics">
      <UniqueIdentifier>{d2e9f6b8-8670-4008-82fd-73206901e635}</UniqueIdentifier>
    </Filter>
    <Filter Include="Заголовочные файлы\Graphics\ShaderManagment">
      <UniqueIdentifier>{7c7b4c8a-03d4-4ae5-ad32-322e83c2e4fc}</UniqueIdentifier>
    </Filter>
    <Filter Include="Файлы исходного кода\Graphics\ShaderManagment">
      <UniqueIdentifier>{5fdd29f6-0fad-44a7-b6be-87278fa1bd15}</UniqueIdentifier>
    </Filter>
    <Filter Include="Заголовочные файлы\Graphics\ShaderManagment\Shaders">
      <UniqueIdentifier>{a1cdaf44-6cd1-4177-bb3a-8c1edee5c26a}</UniqueIdentifier>
    </Filter>
    <Filter Include="Файлы исходного кода\Graphics\ShaderManagment\Shaders">
      <UniqueIdentifier>{e4d5f0c8-31e6-4482-a14a-54c208614ea3}</UniqueIdentifier>
    </Filter>
    <Filter Include="Файлы ресурсов\Shaders">
      <UniqueIdentifier>{732ac5e2-72a9-4bb6-9ef8-afbf4d5f036c}</UniqueIdentifier>
    </Filter>
    <Filter Include="Заголовочные файлы\Graphics\Interface">
      <UniqueIdentifier>{141d93cc-2f3d-4ddb-a7f2-4a1b5ed6eaa5}</UniqueIdentifier>
    </Filter>
    <Filter Include="Заголовочные файлы\Graphics\Interface\InterfaceElements">
      <UniqueIdentifier>{600eb2d7-c300-44fa-aa99-6b9c8cb6302d}</UniqueIdentifier>
    </Filter>
    <Filter Include="Заголовочные файлы\Graphics\Interface\InterfaceBlocks">
      <UniqueIdentifier>{483fd4a8-8f83-485f-a6df-d3937bcac2d1}</UniqueIdentifier>
    </Filter>
    <Filter Include="Файлы исходного кода\Graphics\Interface">
      <UniqueIdentifier>{56523605-28a8-4ea5-b3a7-923f1a2801a7}</UniqueIdentifier>
    </Filter>
    <Filter Include="Файлы исходного кода\Graphics\Interface\InterfaceElements">
      <UniqueIdentifier>{63db7948-f37f-4aee-a560-6d24034f2be9}</UniqueIdentifier>
    </Filter>
    <Filter Include="Файлы исходного кода\Graphics\Interface\InterfaceBocks">
      <UniqueIdentifier>{6ef9fa94-8b99-4404-9546-90a13470d2a8}</UniqueIdentifier>
    </Filter>
    <Filter Include="Заголовочные файлы\GameMechaniks">
      <UniqueIdentifier>{a63df0f2-73b9-4a98-9432-57c483c087b9}</UniqueIdentifier>
    </Filter>
    <Filter Include="Заголовочные файлы\GameMechaniks\Provs">
      <UniqueIdentifier>{61fafdfb-ca54-4ebe-b09c-64bdaba9775e}</UniqueIdentifier>
    </Filter>
    <Filter Include="Файлы исходного кода\GameMechanics">
      <UniqueIdentifier>{49a3122b-4660-4d99-9c65-b8bdce9a2b00}</UniqueIdentifier>
    </Filter>
    <Filter Include="Файлы исходного кода\GameMechanics\Provs">
      <UniqueIdentifier>{26e0fff4-fca2-44a4-aa9a-d28795dab81f}</UniqueIdentifier>
    </Filter>
    <Filter Include="Заголовочные файлы\Graphics\Blocks">
      <UniqueIdentifier>{31a045c9-ab00-4871-a9e4-db4c2a138341}</UniqueIdentifier>
    </Filter>
    <Filter Include="Заголовочные файлы\GameMechaniks\Provs\ProvRegions">
      <UniqueIdentifier>{8205c59c-9ba9-4bde-a1c6-2ef062636b5e}</UniqueIdentifier>
    </Filter>
    <Filter Include="Файлы исходного кода\GameMechanics\Provs\provRegions">
      <UniqueIdentifier>{6e28f495-e5d6-4b8b-8c8b-326d4494274c}</UniqueIdentifier>
    </Filter>
    <Filter Include="Файлы исходного кода\Graphics\Blocks">
      <UniqueIdentifier>{eed6b2c3-209d-4fa7-b620-54d6cdb343b3}</UniqueIdentifier>
    </Filter>
    <Filter Include="Заголовочные файлы\Utilities">
      <UniqueIdentifier>{1ee714aa-706f-4d10-8728-551ba51e6c14}</UniqueIdentifier>
    </Filter>
  </ItemGroup>
  <ItemGroup>
    <ClCompile Include="main.cpp">
      <Filter>Файлы исходного кода</Filter>
    </ClCompile>
    <ClCompile Include="MemoryManagerClass.cpp">
      <Filter>Файлы исходного кода\GlobalManager\MemoryManagment</Filter>
    </ClCompile>
    <ClCompile Include="PoolAllocatorClass.cpp">
      <Filter>Файлы исходного кода\GlobalManager\MemoryManagment</Filter>
    </ClCompile>
    <ClCompile Include="StackAllocatorClass.cpp">
      <Filter>Файлы исходного кода\GlobalManager\MemoryManagment</Filter>
    </ClCompile>
    <ClCompile Include="FpsClass.cpp">
      <Filter>Файлы исходного кода\GlobalManager\SystemStateManagment</Filter>
    </ClCompile>
    <ClCompile Include="CpuClass.cpp">
      <Filter>Файлы исходного кода\GlobalManager\SystemStateManagment</Filter>
    </ClCompile>
    <ClCompile Include="TimerClass.cpp">
      <Filter>Файлы исходного кода\GlobalManager\SystemStateManagment</Filter>
    </ClCompile>
    <ClCompile Include="SystemStateManagerClass.cpp">
      <Filter>Файлы исходного кода\GlobalManager\SystemStateManagment</Filter>
    </ClCompile>
    <ClCompile Include="CalculatorClass.cpp">
      <Filter>Файлы исходного кода\GlobalManager\CommandManagment</Filter>
    </ClCompile>
    <ClCompile Include="CommandClass.cpp">
      <Filter>Файлы исходного кода\GlobalManager\CommandManagment</Filter>
    </ClCompile>
    <ClCompile Include="CommandManagerClass.cpp">
      <Filter>Файлы исходного кода\GlobalManager\CommandManagment</Filter>
    </ClCompile>
    <ClCompile Include="LogManagerClass.cpp">
      <Filter>Файлы исходного кода\GlobalManager</Filter>
    </ClCompile>
    <ClCompile Include="ModManagerClass.cpp">
      <Filter>Файлы исходного кода\GlobalManager</Filter>
    </ClCompile>
    <ClCompile Include="MeshManagerClass.cpp">
      <Filter>Файлы исходного кода\GlobalManager\ResourceManagment</Filter>
    </ClCompile>
    <ClCompile Include="TextureManagerClass.cpp">
      <Filter>Файлы исходного кода\GlobalManager\ResourceManagment</Filter>
    </ClCompile>
    <ClCompile Include="TextureClass.cpp">
      <Filter>Файлы исходного кода\Resources</Filter>
    </ClCompile>
    <ClCompile Include="MeshClass.cpp">
      <Filter>Файлы исходного кода\Resources</Filter>
    </ClCompile>
    <ClCompile Include="TextManagerClass.cpp">
      <Filter>Файлы исходного кода\GlobalManager\ResourceManagment</Filter>
    </ClCompile>
    <ClCompile Include="SettingsClass.cpp">
      <Filter>Файлы исходного кода\GlobalManager</Filter>
    </ClCompile>
    <ClCompile Include="ResourceManagerClass.cpp">
      <Filter>Файлы исходного кода\GlobalManager\ResourceManagment</Filter>
    </ClCompile>
    <ClCompile Include="GlobalManagerClass.cpp">
      <Filter>Файлы исходного кода\GlobalManager</Filter>
    </ClCompile>
    <ClCompile Include="SystemClass.cpp">
      <Filter>Файлы исходного кода</Filter>
    </ClCompile>
    <ClCompile Include="InputClass.cpp">
      <Filter>Файлы исходного кода</Filter>
    </ClCompile>
    <ClCompile Include="PositionClass.cpp">
      <Filter>Файлы исходного кода</Filter>
    </ClCompile>
    <ClCompile Include="D3DClass.cpp">
      <Filter>Файлы исходного кода\Graphics</Filter>
    </ClCompile>
    <ClCompile Include="GraphicsClass.cpp">
      <Filter>Файлы исходного кода\Graphics</Filter>
    </ClCompile>
    <ClCompile Include="ShaderManagerClass.cpp">
      <Filter>Файлы исходного кода\Graphics\ShaderManagment</Filter>
    </ClCompile>
    <ClCompile Include="InterfaceShaderClass.cpp">
      <Filter>Файлы исходного кода\Graphics\ShaderManagment\Shaders</Filter>
    </ClCompile>
    <ClCompile Include="BitmapClass.cpp">
      <Filter>Файлы исходного кода\Graphics\Interface\InterfaceBocks</Filter>
    </ClCompile>
    <ClCompile Include="CameraClass.cpp">
      <Filter>Файлы исходного кода\Graphics</Filter>
    </ClCompile>
    <ClCompile Include="FontShaderClass.cpp">
      <Filter>Файлы исходного кода\Graphics\ShaderManagment\Shaders</Filter>
    </ClCompile>
    <ClCompile Include="FontManagerClass.cpp">
      <Filter>Файлы исходного кода\GlobalManager\ResourceManagment</Filter>
    </ClCompile>
    <ClCompile Include="FontClass.cpp">
      <Filter>Файлы исходного кода\Resources</Filter>
    </ClCompile>
    <ClCompile Include="TextClass.cpp">
      <Filter>Файлы исходного кода\Graphics\Interface\InterfaceBocks</Filter>
    </ClCompile>
    <ClCompile Include="InterfaceElementClass.cpp">
      <Filter>Файлы исходного кода\Graphics\Interface\InterfaceElements</Filter>
    </ClCompile>
    <ClCompile Include="InterfaceClass.cpp">
      <Filter>Файлы исходного кода\Graphics\Interface</Filter>
    </ClCompile>
    <ClCompile Include="GroupElementClass.cpp">
      <Filter>Файлы исходного кода\Graphics\Interface\InterfaceElements</Filter>
    </ClCompile>
    <ClCompile Include="ListElementClass.cpp">
      <Filter>Файлы исходного кода\Graphics\Interface\InterfaceElements</Filter>
    </ClCompile>
    <ClCompile Include="SliderElementClass.cpp">
      <Filter>Файлы исходного кода\Graphics\Interface\InterfaceElements</Filter>
    </ClCompile>
    <ClCompile Include="LoadScreenManagerClass.cpp">
      <Filter>Файлы исходного кода\Graphics</Filter>
    </ClCompile>
    <ClCompile Include="LayersClass.cpp">
      <Filter>Файлы исходного кода\GameMechanics\Provs</Filter>
    </ClCompile>
    <ClCompile Include="ProvClass.cpp">
      <Filter>Файлы исходного кода\GameMechanics\Provs</Filter>
    </ClCompile>
    <ClCompile Include="ProvManagerClass.cpp">
      <Filter>Файлы исходного кода\GameMechanics\Provs</Filter>
    </ClCompile>
    <ClCompile Include="ProvRegionManagerClass.cpp">
      <Filter>Файлы исходного кода\GameMechanics\Provs\provRegions</Filter>
    </ClCompile>
    <ClCompile Include="ProvRegionClass.cpp">
      <Filter>Файлы исходного кода\GameMechanics\Provs\provRegions</Filter>
    </ClCompile>
    <ClCompile Include="TerrainShaderClass.cpp">
      <Filter>Файлы исходного кода\Graphics\ShaderManagment\Shaders</Filter>
    </ClCompile>
    <ClCompile Include="TerrainClass.cpp">
      <Filter>Файлы исходного кода\Graphics\Blocks</Filter>
    </ClCompile>
    <ClCompile Include="PathClass.cpp">
      <Filter>Файлы исходного кода</Filter>
    </ClCompile>
    <ClCompile Include="Utils.cpp">
      <Filter>Файлы исходного кода</Filter>
    </ClCompile>
  </ItemGroup>
  <ItemGroup>
    <ClInclude Include="SystemClass.h">
      <Filter>Заголовочные файлы</Filter>
    </ClInclude>
    <ClInclude Include="StackAllocatorClass.h">
      <Filter>Заголовочные файлы\GlobalManager\MemoryManagment</Filter>
    </ClInclude>
    <ClInclude Include="MemoryManagerClass.h">
      <Filter>Заголовочные файлы\GlobalManager\MemoryManagment</Filter>
    </ClInclude>
    <ClInclude Include="PoolAllocatorClass.h">
      <Filter>Заголовочные файлы\GlobalManager\MemoryManagment</Filter>
    </ClInclude>
    <ClInclude Include="CpuClass.h">
      <Filter>Заголовочные файлы\GlobalManager\SystemStateManagment</Filter>
    </ClInclude>
    <ClInclude Include="FpsClass.h">
      <Filter>Заголовочные файлы\GlobalManager\SystemStateManagment</Filter>
    </ClInclude>
    <ClInclude Include="TimerClass.h">
      <Filter>Заголовочные файлы\GlobalManager\SystemStateManagment</Filter>
    </ClInclude>
    <ClInclude Include="SystemStateManagerClass.h">
      <Filter>Заголовочные файлы\GlobalManager\SystemStateManagment</Filter>
    </ClInclude>
    <ClInclude Include="CommandManagerClass.h">
      <Filter>Заголовочные файлы\GlobalManager\CommandManagment</Filter>
    </ClInclude>
    <ClInclude Include="CommandClass.h">
      <Filter>Заголовочные файлы\GlobalManager\CommandManagment</Filter>
    </ClInclude>
    <ClInclude Include="CalculatorClass.h">
      <Filter>Заголовочные файлы\GlobalManager\CommandManagment</Filter>
    </ClInclude>
    <ClInclude Include="LogManagerClass.h">
      <Filter>Заголовочные файлы\GlobalManager</Filter>
    </ClInclude>
    <ClInclude Include="ModManagerClass.h">
      <Filter>Заголовочные файлы\GlobalManager</Filter>
    </ClInclude>
    <ClInclude Include="TextureManagerClass.h">
      <Filter>Заголовочные файлы\GlobalManager\ResourceManagment</Filter>
    </ClInclude>
    <ClInclude Include="TextManagerClass.h">
      <Filter>Заголовочные файлы\GlobalManager\ResourceManagment</Filter>
    </ClInclude>
    <ClInclude Include="TextureClass.h">
      <Filter>Заголовочные файлы\Resources</Filter>
    </ClInclude>
    <ClInclude Include="MeshManagerClass.h">
      <Filter>Заголовочные файлы\GlobalManager\ResourceManagment</Filter>
    </ClInclude>
    <ClInclude Include="MeshClass.h">
      <Filter>Заголовочные файлы\Resources</Filter>
    </ClInclude>
    <ClInclude Include="SettingsClass.h">
      <Filter>Заголовочные файлы\GlobalManager</Filter>
    </ClInclude>
    <ClInclude Include="GlobalManagerClass.h">
      <Filter>Заголовочные файлы\GlobalManager</Filter>
    </ClInclude>
    <ClInclude Include="ResourceManagerClass.h">
      <Filter>Заголовочные файлы\GlobalManager\ResourceManagment</Filter>
    </ClInclude>
    <ClInclude Include="InputClass.h">
      <Filter>Заголовочные файлы</Filter>
    </ClInclude>
    <ClInclude Include="PositionClass.h">
      <Filter>Заголовочные файлы</Filter>
    </ClInclude>
    <ClInclude Include="D3DClass.h">
      <Filter>Заголовочные файлы\Graphics</Filter>
    </ClInclude>
    <ClInclude Include="GraphicsClass.h">
      <Filter>Заголовочные файлы\Graphics</Filter>
    </ClInclude>
    <ClInclude Include="ShaderManagerClass.h">
      <Filter>Заголовочные файлы\Graphics\ShaderManagment</Filter>
    </ClInclude>
    <ClInclude Include="InterfaceShaderClass.h">
      <Filter>Заголовочные файлы\Graphics\ShaderManagment\Shaders</Filter>
    </ClInclude>
    <ClInclude Include="InterfaceClass.h">
      <Filter>Заголовочные файлы\Graphics\Interface</Filter>
    </ClInclude>
    <ClInclude Include="BitmapClass.h">
      <Filter>Заголовочные файлы\Graphics\Interface\InterfaceBlocks</Filter>
    </ClInclude>
    <ClInclude Include="TextClass.h">
      <Filter>Заголовочные файлы\Graphics\Interface\InterfaceBlocks</Filter>
    </ClInclude>
    <ClInclude Include="InterfaceElementClass.h">
      <Filter>Заголовочные файлы\Graphics\Interface\InterfaceElements</Filter>
    </ClInclude>
    <ClInclude Include="ListElementClass.h">
      <Filter>Заголовочные файлы\Graphics\Interface\InterfaceElements</Filter>
    </ClInclude>
    <ClInclude Include="SliderElementClass.h">
      <Filter>Заголовочные файлы\Graphics\Interface\InterfaceElements</Filter>
    </ClInclude>
    <ClInclude Include="CameraClass.h">
      <Filter>Заголовочные файлы\Graphics</Filter>
    </ClInclude>
    <ClInclude Include="FontShaderClass.h">
      <Filter>Заголовочные файлы\Graphics\ShaderManagment\Shaders</Filter>
    </ClInclude>
    <ClInclude Include="FontClass.h">
      <Filter>Заголовочные файлы\Resources</Filter>
    </ClInclude>
    <ClInclude Include="FontManagerClass.h">
      <Filter>Заголовочные файлы\GlobalManager\ResourceManagment</Filter>
    </ClInclude>
    <ClInclude Include="GroupElementClass.h">
      <Filter>Заголовочные файлы\Graphics\Interface\InterfaceElements</Filter>
    </ClInclude>
    <ClInclude Include="LoadScreenManagerClass.h">
      <Filter>Заголовочные файлы\Graphics</Filter>
    </ClInclude>
    <ClInclude Include="ProvClass.h">
      <Filter>Заголовочные файлы\GameMechaniks\Provs</Filter>
    </ClInclude>
    <ClInclude Include="ProvManagerClass.h">
      <Filter>Заголовочные файлы\GameMechaniks\Provs</Filter>
    </ClInclude>
    <ClInclude Include="LayersClass.h">
      <Filter>Заголовочные файлы\GameMechaniks\Provs</Filter>
    </ClInclude>
    <ClInclude Include="ProvRegionClass.h">
      <Filter>Заголовочные файлы\GameMechaniks\Provs\ProvRegions</Filter>
    </ClInclude>
    <ClInclude Include="ProvRegionManagerClass.h">
      <Filter>Заголовочные файлы\GameMechaniks\Provs\ProvRegions</Filter>
    </ClInclude>
    <ClInclude Include="TerrainClass.h">
      <Filter>Заголовочные файлы\Graphics\Blocks</Filter>
    </ClInclude>
    <ClInclude Include="TerrainManagerClass.h">
      <Filter>Заголовочные файлы\Graphics\Blocks</Filter>
    </ClInclude>
    <ClInclude Include="TerrainShaderClass.h">
      <Filter>Заголовочные файлы\Graphics\ShaderManagment\Shaders</Filter>
    </ClInclude>
    <ClInclude Include="PathClass.h">
      <Filter>Заголовочные файлы\Utilities</Filter>
    </ClInclude>
    <ClInclude Include="Utils.h">
      <Filter>Заголовочные файлы\Utilities</Filter>
    </ClInclude>
  </ItemGroup>
  <ItemGroup>
    <None Include="interfaceVS.fx">
      <Filter>Файлы ресурсов\Shaders</Filter>
    </None>
    <None Include="interfacePS.fx">
      <Filter>Файлы ресурсов\Shaders</Filter>
    </None>
    <None Include="fontPS.fx">
      <Filter>Файлы ресурсов\Shaders</Filter>
    </None>
    <None Include="terrainPS.fx">
      <Filter>Файлы ресурсов\Shaders</Filter>
    </None>
    <None Include="terrainVS.fx">
      <Filter>Файлы ресурсов\Shaders</Filter>
    </None>
  </ItemGroup>
</Project>